
Microsoft Visual Studio Solution File, Format Version 12.00
# Visual Studio Version 16
VisualStudioVersion = 16.0.30804.86
MinimumVisualStudioVersion = 10.0.40219.1
Project("{9A19103F-16F7-4668-BE54-9A1E7A4F7556}") = "JDKDownloader", "JDKDownloader\JDKDownloader.csproj", "{C43D3CB2-878C-4EE5-A98A-33B72A67C45A}"
EndProject
Project("{2150E333-8FDC-42A3-9474-1A3956D46DE8}") = "Solution Items", "Solution Items", "{DD371808-6B61-4C31-910F-052E3BB25BD0}"
	ProjectSection(SolutionItems) = preProject
		.editorconfig = .editorconfig
	EndProjectSection
EndProject
Project("{9A19103F-16F7-4668-BE54-9A1E7A4F7556}") = "JDKDownloader.Base", "JDKDownloader.Base\JDKDownloader.Base.csproj", "{27C5C6BF-E1E6-4E48-B496-A4D5BBC5CBA8}"
EndProject
Project("{9A19103F-16F7-4668-BE54-9A1E7A4F7556}") = "JDKDownloader.Provider.AdoptOpenJDK", "JDKDownloader.Provider.AdoptOpenJDK\JDKDownloader.Provider.AdoptOpenJDK.csproj", "{33198474-C9B5-4E31-BBEF-FF309FFE0C8E}"
EndProject
Global
	GlobalSection(SolutionConfigurationPlatforms) = preSolution
		Debug|Any CPU = Debug|Any CPU
		Release|Any CPU = Release|Any CPU
	EndGlobalSection
	GlobalSection(ProjectConfigurationPlatforms) = postSolution
		{C43D3CB2-878C-4EE5-A98A-33B72A67C45A}.Debug|Any CPU.ActiveCfg = Debug|Any CPU
		{C43D3CB2-878C-4EE5-A98A-33B72A67C45A}.Debug|Any CPU.Build.0 = Debug|Any CPU
		{C43D3CB2-878C-4EE5-A98A-33B72A67C45A}.Release|Any CPU.ActiveCfg = Release|Any CPU
		{C43D3CB2-878C-4EE5-A98A-33B72A67C45A}.Release|Any CPU.Build.0 = Release|Any CPU
		{27C5C6BF-E1E6-4E48-B496-A4D5BBC5CBA8}.Debug|Any CPU.ActiveCfg = Debug|Any CPU
		{27C5C6BF-E1E6-4E48-B496-A4D5BBC5CBA8}.Debug|Any CPU.Build.0 = Debug|Any CPU
		{27C5C6BF-E1E6-4E48-B496-A4D5BBC5CBA8}.Release|Any CPU.ActiveCfg = Release|Any CPU
		{27C5C6BF-E1E6-4E48-B496-A4D5BBC5CBA8}.Release|Any CPU.Build.0 = Release|Any CPU
		{33198474-C9B5-4E31-BBEF-FF309FFE0C8E}.Debug|Any CPU.ActiveCfg = Debug|Any CPU
		{33198474-C9B5-4E31-BBEF-FF309FFE0C8E}.Debug|Any CPU.Build.0 = Debug|Any CPU
		{33198474-C9B5-4E31-BBEF-FF309FFE0C8E}.Release|Any CPU.ActiveCfg = Release|Any CPU
		{33198474-C9B5-4E31-BBEF-FF309FFE0C8E}.Release|Any CPU.Build.0 = Release|Any CPU
	EndGlobalSection
	GlobalSection(SolutionProperties) = preSolution
		HideSolutionNode = FALSE
	EndGlobalSection
	GlobalSection(ExtensibilityGlobals) = postSolution
		SolutionGuid = {09BDC96D-DFE2-43BD-A624-FF0A7232FD10}
	EndGlobalSection
EndGlobal
